// !$*UTF8*$!
{
	archiveVersion = 1;
	classes = {
	};
	objectVersion = 50;
	objects = {

/* Begin PBXBuildFile section */
		DA03DF3C22174381000180B6 /* Genres.swift in Sources */ = {isa = PBXBuildFile; fileRef = DA03DF3A22174381000180B6 /* Genres.swift */; };
		DA03DF3D22174381000180B6 /* Movie.swift in Sources */ = {isa = PBXBuildFile; fileRef = DA03DF3B22174381000180B6 /* Movie.swift */; };
		DA03DF3F221A3E85000180B6 /* Assets.xcassets in Resources */ = {isa = PBXBuildFile; fileRef = DA03DF3E221A3E84000180B6 /* Assets.xcassets */; };
		DA964E44225A9F7300E355AA /* PosterUIImageView.swift in Sources */ = {isa = PBXBuildFile; fileRef = DA964E43225A9F7300E355AA /* PosterUIImageView.swift */; };
		DA964E5C225B968B00E355AA /* DeviceHeightConstraint.swift in Sources */ = {isa = PBXBuildFile; fileRef = DA964E47225B962600E355AA /* DeviceHeightConstraint.swift */; };
		DA964E5D225B968E00E355AA /* CMTextField.swift in Sources */ = {isa = PBXBuildFile; fileRef = DA964E49225B962600E355AA /* CMTextField.swift */; };
		DA964E5E225B969100E355AA /* CMLabel.swift in Sources */ = {isa = PBXBuildFile; fileRef = DA964E4A225B962600E355AA /* CMLabel.swift */; };
		DA964E5F225B969600E355AA /* CMButton.swift in Sources */ = {isa = PBXBuildFile; fileRef = DA964E4B225B962600E355AA /* CMButton.swift */; };
		DA964E61225B969600E355AA /* CMSegmentedControl.swift in Sources */ = {isa = PBXBuildFile; fileRef = DA964E4D225B962600E355AA /* CMSegmentedControl.swift */; };
		DA964E63225B969600E355AA /* CMView.swift in Sources */ = {isa = PBXBuildFile; fileRef = DA964E4F225B962600E355AA /* CMView.swift */; };
		DA964E65225B969A00E355AA /* Constants.swift in Sources */ = {isa = PBXBuildFile; fileRef = DA964E52225B962600E355AA /* Constants.swift */; };
		DA964E66225B969A00E355AA /* CustomColor.swift in Sources */ = {isa = PBXBuildFile; fileRef = DA964E53225B962600E355AA /* CustomColor.swift */; };
		DA964E67225B969A00E355AA /* DeviceSizes.swift in Sources */ = {isa = PBXBuildFile; fileRef = DA964E54225B962600E355AA /* DeviceSizes.swift */; };
		DA964E68225B96A100E355AA /* UILabel+Ext.swift in Sources */ = {isa = PBXBuildFile; fileRef = DA964E56225B962600E355AA /* UILabel+Ext.swift */; };
		DA964E69225B96A100E355AA /* UITextField+Ext.swift in Sources */ = {isa = PBXBuildFile; fileRef = DA964E57225B962600E355AA /* UITextField+Ext.swift */; };
		DA964E6A225B96A100E355AA /* String+Ext.swift in Sources */ = {isa = PBXBuildFile; fileRef = DA964E58225B962600E355AA /* String+Ext.swift */; };
		DA964E6B225B96A100E355AA /* UIView+Ext.swift in Sources */ = {isa = PBXBuildFile; fileRef = DA964E59225B962600E355AA /* UIView+Ext.swift */; };
		DA964E6C225B96A500E355AA /* Utilities.swift in Sources */ = {isa = PBXBuildFile; fileRef = DA964E5B225B962600E355AA /* Utilities.swift */; };
		DA964E73225B9A1F00E355AA /* Result.swift in Sources */ = {isa = PBXBuildFile; fileRef = DA964E6E225B9A1F00E355AA /* Result.swift */; };
		DA964E75225B9A1F00E355AA /* Log.swift in Sources */ = {isa = PBXBuildFile; fileRef = DA964E71225B9A1F00E355AA /* Log.swift */; };
		DA964E79225B9E3700E355AA /* CMImageView.swift in Sources */ = {isa = PBXBuildFile; fileRef = DA964E78225B9E3700E355AA /* CMImageView.swift */; };
		DA964E7E225BC81000E355AA /* SynopsisUIView.swift in Sources */ = {isa = PBXBuildFile; fileRef = DA964E7D225BC81000E355AA /* SynopsisUIView.swift */; };
		DA964E80225BCB4F00E355AA /* CMTextView.swift in Sources */ = {isa = PBXBuildFile; fileRef = DA964E7F225BCB4F00E355AA /* CMTextView.swift */; };
		DA964E82225BCDE700E355AA /* UITextView+Ext.swift in Sources */ = {isa = PBXBuildFile; fileRef = DA964E81225BCDE700E355AA /* UITextView+Ext.swift */; };
		DA964E84225BFECB00E355AA /* DetailScreenUIView.swift in Sources */ = {isa = PBXBuildFile; fileRef = DA964E83225BFECB00E355AA /* DetailScreenUIView.swift */; };
		DAA91A892214C1700021BC29 /* AppDelegate.swift in Sources */ = {isa = PBXBuildFile; fileRef = DAA91A882214C1700021BC29 /* AppDelegate.swift */; };
		DAA91A8B2214C1710021BC29 /* MasterViewController.swift in Sources */ = {isa = PBXBuildFile; fileRef = DAA91A8A2214C1710021BC29 /* MasterViewController.swift */; };
		DAA91A8E2214C1710021BC29 /* Main.storyboard in Resources */ = {isa = PBXBuildFile; fileRef = DAA91A8C2214C1710021BC29 /* Main.storyboard */; };
		DAA91A932214C1730021BC29 /* LaunchScreen.storyboard in Resources */ = {isa = PBXBuildFile; fileRef = DAA91A912214C1730021BC29 /* LaunchScreen.storyboard */; };
		DAA91A9E2214C1730021BC29 /* DarkRoomTests.swift in Sources */ = {isa = PBXBuildFile; fileRef = DAA91A9D2214C1730021BC29 /* DarkRoomTests.swift */; };
		DAA91AA92214C1730021BC29 /* DarkRoomUITests.swift in Sources */ = {isa = PBXBuildFile; fileRef = DAA91AA82214C1730021BC29 /* DarkRoomUITests.swift */; };
		DAA91AB72214C2FD0021BC29 /* MovieCell.swift in Sources */ = {isa = PBXBuildFile; fileRef = DAA91AB62214C2FD0021BC29 /* MovieCell.swift */; };
		DAA91ABF2214F7400021BC29 /* NetworkManager.swift in Sources */ = {isa = PBXBuildFile; fileRef = DAA91ABE2214F73F0021BC29 /* NetworkManager.swift */; };
		DAA91AC22214F8D80021BC29 /* UIImageView+Ext.swift in Sources */ = {isa = PBXBuildFile; fileRef = DAA91AC02214F8D80021BC29 /* UIImageView+Ext.swift */; };
		DAA91AC522152FE50021BC29 /* RESTful.swift in Sources */ = {isa = PBXBuildFile; fileRef = DAA91AC422152FE50021BC29 /* RESTful.swift */; };
		DAA91ACD221606CD0021BC29 /* DetailViewController.swift in Sources */ = {isa = PBXBuildFile; fileRef = DAA91ACC221606CD0021BC29 /* DetailViewController.swift */; };
		DAA91AD0221615CE0021BC29 /* CAGradientLayer+Ext.swift in Sources */ = {isa = PBXBuildFile; fileRef = DAA91ACF221615CE0021BC29 /* CAGradientLayer+Ext.swift */; };
		DAE040DB225911860053079E /* Options.swift in Sources */ = {isa = PBXBuildFile; fileRef = DAE040D4225911860053079E /* Options.swift */; };
		DAE040DC225911860053079E /* BetterSegmentedControl.swift in Sources */ = {isa = PBXBuildFile; fileRef = DAE040D5225911860053079E /* BetterSegmentedControl.swift */; };
		DAE040DD225911860053079E /* BetterSegmentedControlSegment.swift in Sources */ = {isa = PBXBuildFile; fileRef = DAE040D6225911860053079E /* BetterSegmentedControlSegment.swift */; };
		DAE040DF225911860053079E /* IconSegment.swift in Sources */ = {isa = PBXBuildFile; fileRef = DAE040D9225911860053079E /* IconSegment.swift */; };
		DAE040E0225911860053079E /* LabelSegment.swift in Sources */ = {isa = PBXBuildFile; fileRef = DAE040DA225911860053079E /* LabelSegment.swift */; };
		DAE7C78D222A4B26009DF4A7 /* Secrets.swift in Sources */ = {isa = PBXBuildFile; fileRef = DAE7C78C222A4B26009DF4A7 /* Secrets.swift */; };
/* End PBXBuildFile section */

/* Begin PBXContainerItemProxy section */
		DAA91A9A2214C1730021BC29 /* PBXContainerItemProxy */ = {
			isa = PBXContainerItemProxy;
			containerPortal = DAA91A7D2214C1700021BC29 /* Project object */;
			proxyType = 1;
			remoteGlobalIDString = DAA91A842214C1700021BC29;
			remoteInfo = "The-10-Cary";
		};
		DAA91AA52214C1730021BC29 /* PBXContainerItemProxy */ = {
			isa = PBXContainerItemProxy;
			containerPortal = DAA91A7D2214C1700021BC29 /* Project object */;
			proxyType = 1;
			remoteGlobalIDString = DAA91A842214C1700021BC29;
			remoteInfo = "The-10-Cary";
		};
/* End PBXContainerItemProxy section */

/* Begin PBXFileReference section */
		DA03DF3A22174381000180B6 /* Genres.swift */ = {isa = PBXFileReference; fileEncoding = 4; lastKnownFileType = sourcecode.swift; name = Genres.swift; path = DarkRoom/Model/Genres.swift; sourceTree = SOURCE_ROOT; };
		DA03DF3B22174381000180B6 /* Movie.swift */ = {isa = PBXFileReference; fileEncoding = 4; lastKnownFileType = sourcecode.swift; name = Movie.swift; path = DarkRoom/Model/Movie.swift; sourceTree = SOURCE_ROOT; };
		DA03DF3E221A3E84000180B6 /* Assets.xcassets */ = {isa = PBXFileReference; lastKnownFileType = folder.assetcatalog; path = Assets.xcassets; sourceTree = "<group>"; };
		DA964E43225A9F7300E355AA /* PosterUIImageView.swift */ = {isa = PBXFileReference; lastKnownFileType = sourcecode.swift; name = PosterUIImageView.swift; path = DarkRoom/CoreAdditions/Subclasses/PosterUIImageView.swift; sourceTree = SOURCE_ROOT; };
		DA964E47225B962600E355AA /* DeviceHeightConstraint.swift */ = {isa = PBXFileReference; lastKnownFileType = sourcecode.swift; path = DeviceHeightConstraint.swift; sourceTree = "<group>"; };
		DA964E49225B962600E355AA /* CMTextField.swift */ = {isa = PBXFileReference; lastKnownFileType = sourcecode.swift; path = CMTextField.swift; sourceTree = "<group>"; };
		DA964E4A225B962600E355AA /* CMLabel.swift */ = {isa = PBXFileReference; lastKnownFileType = sourcecode.swift; path = CMLabel.swift; sourceTree = "<group>"; };
		DA964E4B225B962600E355AA /* CMButton.swift */ = {isa = PBXFileReference; lastKnownFileType = sourcecode.swift; path = CMButton.swift; sourceTree = "<group>"; };
		DA964E4D225B962600E355AA /* CMSegmentedControl.swift */ = {isa = PBXFileReference; lastKnownFileType = sourcecode.swift; path = CMSegmentedControl.swift; sourceTree = "<group>"; };
		DA964E4F225B962600E355AA /* CMView.swift */ = {isa = PBXFileReference; lastKnownFileType = sourcecode.swift; path = CMView.swift; sourceTree = "<group>"; };
		DA964E52225B962600E355AA /* Constants.swift */ = {isa = PBXFileReference; lastKnownFileType = sourcecode.swift; path = Constants.swift; sourceTree = "<group>"; };
		DA964E53225B962600E355AA /* CustomColor.swift */ = {isa = PBXFileReference; lastKnownFileType = sourcecode.swift; path = CustomColor.swift; sourceTree = "<group>"; };
		DA964E54225B962600E355AA /* DeviceSizes.swift */ = {isa = PBXFileReference; lastKnownFileType = sourcecode.swift; path = DeviceSizes.swift; sourceTree = "<group>"; };
		DA964E56225B962600E355AA /* UILabel+Ext.swift */ = {isa = PBXFileReference; lastKnownFileType = sourcecode.swift; path = "UILabel+Ext.swift"; sourceTree = "<group>"; };
		DA964E57225B962600E355AA /* UITextField+Ext.swift */ = {isa = PBXFileReference; lastKnownFileType = sourcecode.swift; path = "UITextField+Ext.swift"; sourceTree = "<group>"; };
		DA964E58225B962600E355AA /* String+Ext.swift */ = {isa = PBXFileReference; lastKnownFileType = sourcecode.swift; path = "String+Ext.swift"; sourceTree = "<group>"; };
		DA964E59225B962600E355AA /* UIView+Ext.swift */ = {isa = PBXFileReference; lastKnownFileType = sourcecode.swift; path = "UIView+Ext.swift"; sourceTree = "<group>"; };
		DA964E5B225B962600E355AA /* Utilities.swift */ = {isa = PBXFileReference; lastKnownFileType = sourcecode.swift; path = Utilities.swift; sourceTree = "<group>"; };
		DA964E6E225B9A1F00E355AA /* Result.swift */ = {isa = PBXFileReference; fileEncoding = 4; lastKnownFileType = sourcecode.swift; path = Result.swift; sourceTree = "<group>"; };
		DA964E71225B9A1F00E355AA /* Log.swift */ = {isa = PBXFileReference; fileEncoding = 4; lastKnownFileType = sourcecode.swift; path = Log.swift; sourceTree = "<group>"; };
		DA964E78225B9E3700E355AA /* CMImageView.swift */ = {isa = PBXFileReference; lastKnownFileType = sourcecode.swift; path = CMImageView.swift; sourceTree = "<group>"; };
		DA964E7D225BC81000E355AA /* SynopsisUIView.swift */ = {isa = PBXFileReference; lastKnownFileType = sourcecode.swift; path = SynopsisUIView.swift; sourceTree = "<group>"; };
		DA964E7F225BCB4F00E355AA /* CMTextView.swift */ = {isa = PBXFileReference; lastKnownFileType = sourcecode.swift; path = CMTextView.swift; sourceTree = "<group>"; };
		DA964E81225BCDE700E355AA /* UITextView+Ext.swift */ = {isa = PBXFileReference; lastKnownFileType = sourcecode.swift; path = "UITextView+Ext.swift"; sourceTree = "<group>"; };
		DA964E83225BFECB00E355AA /* DetailScreenUIView.swift */ = {isa = PBXFileReference; lastKnownFileType = sourcecode.swift; path = DetailScreenUIView.swift; sourceTree = "<group>"; };
		DAA91A852214C1700021BC29 /* DarkRoom.app */ = {isa = PBXFileReference; explicitFileType = wrapper.application; includeInIndex = 0; path = DarkRoom.app; sourceTree = BUILT_PRODUCTS_DIR; };
		DAA91A882214C1700021BC29 /* AppDelegate.swift */ = {isa = PBXFileReference; lastKnownFileType = sourcecode.swift; path = AppDelegate.swift; sourceTree = "<group>"; };
		DAA91A8A2214C1710021BC29 /* MasterViewController.swift */ = {isa = PBXFileReference; lastKnownFileType = sourcecode.swift; path = MasterViewController.swift; sourceTree = "<group>"; };
		DAA91A8D2214C1710021BC29 /* Base */ = {isa = PBXFileReference; lastKnownFileType = file.storyboard; name = Base; path = Base.lproj/Main.storyboard; sourceTree = "<group>"; };
		DAA91A922214C1730021BC29 /* Base */ = {isa = PBXFileReference; lastKnownFileType = file.storyboard; name = Base; path = Base.lproj/LaunchScreen.storyboard; sourceTree = "<group>"; };
		DAA91A942214C1730021BC29 /* Info.plist */ = {isa = PBXFileReference; lastKnownFileType = text.plist.xml; path = Info.plist; sourceTree = "<group>"; };
		DAA91A992214C1730021BC29 /* DarkRoomTests.xctest */ = {isa = PBXFileReference; explicitFileType = wrapper.cfbundle; includeInIndex = 0; path = DarkRoomTests.xctest; sourceTree = BUILT_PRODUCTS_DIR; };
		DAA91A9D2214C1730021BC29 /* DarkRoomTests.swift */ = {isa = PBXFileReference; lastKnownFileType = sourcecode.swift; path = DarkRoomTests.swift; sourceTree = "<group>"; };
		DAA91A9F2214C1730021BC29 /* Info.plist */ = {isa = PBXFileReference; lastKnownFileType = text.plist.xml; path = Info.plist; sourceTree = "<group>"; };
		DAA91AA42214C1730021BC29 /* DarkRoomUITests.xctest */ = {isa = PBXFileReference; explicitFileType = wrapper.cfbundle; includeInIndex = 0; path = DarkRoomUITests.xctest; sourceTree = BUILT_PRODUCTS_DIR; };
		DAA91AA82214C1730021BC29 /* DarkRoomUITests.swift */ = {isa = PBXFileReference; lastKnownFileType = sourcecode.swift; path = DarkRoomUITests.swift; sourceTree = "<group>"; };
		DAA91AAA2214C1730021BC29 /* Info.plist */ = {isa = PBXFileReference; lastKnownFileType = text.plist.xml; path = Info.plist; sourceTree = "<group>"; };
		DAA91AB62214C2FD0021BC29 /* MovieCell.swift */ = {isa = PBXFileReference; lastKnownFileType = sourcecode.swift; path = MovieCell.swift; sourceTree = "<group>"; };
		DAA91ABE2214F73F0021BC29 /* NetworkManager.swift */ = {isa = PBXFileReference; lastKnownFileType = sourcecode.swift; path = NetworkManager.swift; sourceTree = "<group>"; };
		DAA91AC02214F8D80021BC29 /* UIImageView+Ext.swift */ = {isa = PBXFileReference; lastKnownFileType = sourcecode.swift; path = "UIImageView+Ext.swift"; sourceTree = "<group>"; };
		DAA91AC422152FE50021BC29 /* RESTful.swift */ = {isa = PBXFileReference; lastKnownFileType = sourcecode.swift; path = RESTful.swift; sourceTree = "<group>"; };
		DAA91ACC221606CD0021BC29 /* DetailViewController.swift */ = {isa = PBXFileReference; lastKnownFileType = sourcecode.swift; path = DetailViewController.swift; sourceTree = "<group>"; };
		DAA91ACF221615CE0021BC29 /* CAGradientLayer+Ext.swift */ = {isa = PBXFileReference; lastKnownFileType = sourcecode.swift; path = "CAGradientLayer+Ext.swift"; sourceTree = "<group>"; };
		DAE040D4225911860053079E /* Options.swift */ = {isa = PBXFileReference; fileEncoding = 4; lastKnownFileType = sourcecode.swift; path = Options.swift; sourceTree = "<group>"; };
		DAE040D5225911860053079E /* BetterSegmentedControl.swift */ = {isa = PBXFileReference; fileEncoding = 4; lastKnownFileType = sourcecode.swift; path = BetterSegmentedControl.swift; sourceTree = "<group>"; };
		DAE040D6225911860053079E /* BetterSegmentedControlSegment.swift */ = {isa = PBXFileReference; fileEncoding = 4; lastKnownFileType = sourcecode.swift; path = BetterSegmentedControlSegment.swift; sourceTree = "<group>"; };
		DAE040D9225911860053079E /* IconSegment.swift */ = {isa = PBXFileReference; fileEncoding = 4; lastKnownFileType = sourcecode.swift; path = IconSegment.swift; sourceTree = "<group>"; };
		DAE040DA225911860053079E /* LabelSegment.swift */ = {isa = PBXFileReference; fileEncoding = 4; lastKnownFileType = sourcecode.swift; path = LabelSegment.swift; sourceTree = "<group>"; };
		DAE7C78C222A4B26009DF4A7 /* Secrets.swift */ = {isa = PBXFileReference; lastKnownFileType = sourcecode.swift; path = Secrets.swift; sourceTree = "<group>"; };
/* End PBXFileReference section */

/* Begin PBXFrameworksBuildPhase section */
		DAA91A822214C1700021BC29 /* Frameworks */ = {
			isa = PBXFrameworksBuildPhase;
			buildActionMask = 2147483647;
			files = (
			);
			runOnlyForDeploymentPostprocessing = 0;
		};
		DAA91A962214C1730021BC29 /* Frameworks */ = {
			isa = PBXFrameworksBuildPhase;
			buildActionMask = 2147483647;
			files = (
			);
			runOnlyForDeploymentPostprocessing = 0;
		};
		DAA91AA12214C1730021BC29 /* Frameworks */ = {
			isa = PBXFrameworksBuildPhase;
			buildActionMask = 2147483647;
			files = (
			);
			runOnlyForDeploymentPostprocessing = 0;
		};
/* End PBXFrameworksBuildPhase section */

/* Begin PBXGroup section */
		DA964E45225B962600E355AA /* CoreAdditions */ = {
			isa = PBXGroup;
			children = (
				DA964E51225B962600E355AA /* Constants */,
				DA964E46225B962600E355AA /* Constraints */,
				DA964E55225B962600E355AA /* Extensions */,
				DA964E85225CF1BC00E355AA /* Libraries */,
				DA964E7C225BC7C400E355AA /* Subclasses */,
				DA964E48225B962600E355AA /* Templates */,
				DA964E5A225B962600E355AA /* Utilities */,
			);
			path = CoreAdditions;
			sourceTree = "<group>";
		};
		DA964E46225B962600E355AA /* Constraints */ = {
			isa = PBXGroup;
			children = (
				DA964E47225B962600E355AA /* DeviceHeightConstraint.swift */,
			);
			path = Constraints;
			sourceTree = "<group>";
		};
		DA964E48225B962600E355AA /* Templates */ = {
			isa = PBXGroup;
			children = (
				DA964E4B225B962600E355AA /* CMButton.swift */,
				DA964E78225B9E3700E355AA /* CMImageView.swift */,
				DA964E4A225B962600E355AA /* CMLabel.swift */,
				DA964E4D225B962600E355AA /* CMSegmentedControl.swift */,
				DA964E49225B962600E355AA /* CMTextField.swift */,
				DA964E7F225BCB4F00E355AA /* CMTextView.swift */,
				DA964E4F225B962600E355AA /* CMView.swift */,
			);
			path = Templates;
			sourceTree = "<group>";
		};
		DA964E51225B962600E355AA /* Constants */ = {
			isa = PBXGroup;
			children = (
				DA964E52225B962600E355AA /* Constants.swift */,
				DA964E53225B962600E355AA /* CustomColor.swift */,
				DA964E54225B962600E355AA /* DeviceSizes.swift */,
			);
			path = Constants;
			sourceTree = "<group>";
		};
		DA964E55225B962600E355AA /* Extensions */ = {
			isa = PBXGroup;
			children = (
				DAA91ACF221615CE0021BC29 /* CAGradientLayer+Ext.swift */,
				DA964E58225B962600E355AA /* String+Ext.swift */,
				DAA91AC02214F8D80021BC29 /* UIImageView+Ext.swift */,
				DA964E56225B962600E355AA /* UILabel+Ext.swift */,
				DA964E57225B962600E355AA /* UITextField+Ext.swift */,
				DA964E81225BCDE700E355AA /* UITextView+Ext.swift */,
				DA964E59225B962600E355AA /* UIView+Ext.swift */,
			);
			path = Extensions;
			sourceTree = "<group>";
		};
		DA964E5A225B962600E355AA /* Utilities */ = {
			isa = PBXGroup;
			children = (
				DA964E70225B9A1F00E355AA /* Log */,
				DA964E5B225B962600E355AA /* Utilities.swift */,
			);
			path = Utilities;
			sourceTree = "<group>";
		};
		DA964E70225B9A1F00E355AA /* Log */ = {
			isa = PBXGroup;
			children = (
				DA964E71225B9A1F00E355AA /* Log.swift */,
			);
			path = Log;
			sourceTree = "<group>";
		};
		DA964E7C225BC7C400E355AA /* Subclasses */ = {
			isa = PBXGroup;
			children = (
				DA964E43225A9F7300E355AA /* PosterUIImageView.swift */,
				DA964E7D225BC81000E355AA /* SynopsisUIView.swift */,
				DA964E83225BFECB00E355AA /* DetailScreenUIView.swift */,
			);
			path = Subclasses;
			sourceTree = "<group>";
		};
		DA964E85225CF1BC00E355AA /* Libraries */ = {
			isa = PBXGroup;
			children = (
				DAE040D3225911860053079E /* BetterSegmentedControl */,
			);
			path = Libraries;
			sourceTree = "<group>";
		};
		DAA91A7C2214C1700021BC29 = {
			isa = PBXGroup;
			children = (
				DAA91A872214C1700021BC29 /* DarkRoom */,
				DAA91A9C2214C1730021BC29 /* DarkRoomTests */,
				DAA91AA72214C1730021BC29 /* DarkRoomUITests */,
				DAA91A862214C1700021BC29 /* Products */,
			);
			sourceTree = "<group>";
		};
		DAA91A862214C1700021BC29 /* Products */ = {
			isa = PBXGroup;
			children = (
				DAA91A852214C1700021BC29 /* DarkRoom.app */,
				DAA91A992214C1730021BC29 /* DarkRoomTests.xctest */,
				DAA91AA42214C1730021BC29 /* DarkRoomUITests.xctest */,
			);
			name = Products;
			sourceTree = "<group>";
		};
		DAA91A872214C1700021BC29 /* DarkRoom */ = {
			isa = PBXGroup;
			children = (
				DAA91A882214C1700021BC29 /* AppDelegate.swift */,
				DAA91A8C2214C1710021BC29 /* Main.storyboard */,
				DAA91A912214C1730021BC29 /* LaunchScreen.storyboard */,
				DAA91A942214C1730021BC29 /* Info.plist */,
				DA03DF3E221A3E84000180B6 /* Assets.xcassets */,
				DAA91AB82214C6340021BC29 /* MasterScreen */,
				DAA91ACE221606DE0021BC29 /* DetailScreen */,
				DAA91ABD2214F6980021BC29 /* Model */,
				DAA91AC82215BA8B0021BC29 /* Networking */,
				DA964E45225B962600E355AA /* CoreAdditions */,
				DAE7C78C222A4B26009DF4A7 /* Secrets.swift */,
			);
			path = DarkRoom;
			sourceTree = "<group>";
		};
		DAA91A9C2214C1730021BC29 /* DarkRoomTests */ = {
			isa = PBXGroup;
			children = (
				DAA91A9D2214C1730021BC29 /* DarkRoomTests.swift */,
				DAA91A9F2214C1730021BC29 /* Info.plist */,
			);
			path = DarkRoomTests;
			sourceTree = "<group>";
		};
		DAA91AA72214C1730021BC29 /* DarkRoomUITests */ = {
			isa = PBXGroup;
			children = (
				DAA91AA82214C1730021BC29 /* DarkRoomUITests.swift */,
				DAA91AAA2214C1730021BC29 /* Info.plist */,
			);
			path = DarkRoomUITests;
			sourceTree = "<group>";
		};
		DAA91AB82214C6340021BC29 /* MasterScreen */ = {
			isa = PBXGroup;
			children = (
				DAA91A8A2214C1710021BC29 /* MasterViewController.swift */,
				DAA91AB62214C2FD0021BC29 /* MovieCell.swift */,
			);
			path = MasterScreen;
			sourceTree = "<group>";
		};
		DAA91ABD2214F6980021BC29 /* Model */ = {
			isa = PBXGroup;
			children = (
				DA03DF3B22174381000180B6 /* Movie.swift */,
				DA03DF3A22174381000180B6 /* Genres.swift */,
			);
			path = Model;
			sourceTree = "<group>";
		};
		DAA91AC82215BA8B0021BC29 /* Networking */ = {
			isa = PBXGroup;
			children = (
				DAA91ABE2214F73F0021BC29 /* NetworkManager.swift */,
				DAA91AC422152FE50021BC29 /* RESTful.swift */,
				DA964E6E225B9A1F00E355AA /* Result.swift */,
			);
			path = Networking;
			sourceTree = "<group>";
		};
		DAA91ACE221606DE0021BC29 /* DetailScreen */ = {
			isa = PBXGroup;
			children = (
				DAA91ACC221606CD0021BC29 /* DetailViewController.swift */,
			);
			path = DetailScreen;
			sourceTree = "<group>";
		};
		DAE040D3225911860053079E /* BetterSegmentedControl */ = {
			isa = PBXGroup;
			children = (
				DAE040D4225911860053079E /* Options.swift */,
				DAE040D5225911860053079E /* BetterSegmentedControl.swift */,
				DAE040D6225911860053079E /* BetterSegmentedControlSegment.swift */,
				DAE040D8225911860053079E /* Segments */,
			);
			path = BetterSegmentedControl;
			sourceTree = "<group>";
		};
		DAE040D8225911860053079E /* Segments */ = {
			isa = PBXGroup;
			children = (
				DAE040D9225911860053079E /* IconSegment.swift */,
				DAE040DA225911860053079E /* LabelSegment.swift */,
			);
			path = Segments;
			sourceTree = "<group>";
		};
/* End PBXGroup section */

/* Begin PBXNativeTarget section */
		DAA91A842214C1700021BC29 /* DarkRoom */ = {
			isa = PBXNativeTarget;
			buildConfigurationList = DAA91AAD2214C1730021BC29 /* Build configuration list for PBXNativeTarget "DarkRoom" */;
			buildPhases = (
				DAA91A812214C1700021BC29 /* Sources */,
				DAA91A822214C1700021BC29 /* Frameworks */,
				DAA91A832214C1700021BC29 /* Resources */,
			);
			buildRules = (
			);
			dependencies = (
			);
			name = DarkRoom;
			productName = "The-10-Cary";
			productReference = DAA91A852214C1700021BC29 /* DarkRoom.app */;
			productType = "com.apple.product-type.application";
		};
		DAA91A982214C1730021BC29 /* DarkRoomTests */ = {
			isa = PBXNativeTarget;
			buildConfigurationList = DAA91AB02214C1730021BC29 /* Build configuration list for PBXNativeTarget "DarkRoomTests" */;
			buildPhases = (
				DAA91A952214C1730021BC29 /* Sources */,
				DAA91A962214C1730021BC29 /* Frameworks */,
				DAA91A972214C1730021BC29 /* Resources */,
			);
			buildRules = (
			);
			dependencies = (
				DAA91A9B2214C1730021BC29 /* PBXTargetDependency */,
			);
			name = DarkRoomTests;
			productName = "The-10-CaryTests";
			productReference = DAA91A992214C1730021BC29 /* DarkRoomTests.xctest */;
			productType = "com.apple.product-type.bundle.unit-test";
		};
		DAA91AA32214C1730021BC29 /* DarkRoomUITests */ = {
			isa = PBXNativeTarget;
			buildConfigurationList = DAA91AB32214C1730021BC29 /* Build configuration list for PBXNativeTarget "DarkRoomUITests" */;
			buildPhases = (
				DAA91AA02214C1730021BC29 /* Sources */,
				DAA91AA12214C1730021BC29 /* Frameworks */,
				DAA91AA22214C1730021BC29 /* Resources */,
			);
			buildRules = (
			);
			dependencies = (
				DAA91AA62214C1730021BC29 /* PBXTargetDependency */,
			);
			name = DarkRoomUITests;
			productName = "The-10-CaryUITests";
			productReference = DAA91AA42214C1730021BC29 /* DarkRoomUITests.xctest */;
			productType = "com.apple.product-type.bundle.ui-testing";
		};
/* End PBXNativeTarget section */

/* Begin PBXProject section */
		DAA91A7D2214C1700021BC29 /* Project object */ = {
			isa = PBXProject;
			attributes = {
				LastSwiftUpdateCheck = 1010;
				LastUpgradeCheck = 1010;
				ORGANIZATIONNAME = "C.Miller & Co.";
				TargetAttributes = {
					DAA91A842214C1700021BC29 = {
						CreatedOnToolsVersion = 10.1;
					};
					DAA91A982214C1730021BC29 = {
						CreatedOnToolsVersion = 10.1;
						TestTargetID = DAA91A842214C1700021BC29;
					};
					DAA91AA32214C1730021BC29 = {
						CreatedOnToolsVersion = 10.1;
						TestTargetID = DAA91A842214C1700021BC29;
					};
				};
			};
			buildConfigurationList = DAA91A802214C1700021BC29 /* Build configuration list for PBXProject "DarkRoom" */;
			compatibilityVersion = "Xcode 9.3";
			developmentRegion = en;
			hasScannedForEncodings = 0;
			knownRegions = (
				en,
				Base,
			);
			mainGroup = DAA91A7C2214C1700021BC29;
			productRefGroup = DAA91A862214C1700021BC29 /* Products */;
			projectDirPath = "";
			projectRoot = "";
			targets = (
				DAA91A842214C1700021BC29 /* DarkRoom */,
				DAA91A982214C1730021BC29 /* DarkRoomTests */,
				DAA91AA32214C1730021BC29 /* DarkRoomUITests */,
			);
		};
/* End PBXProject section */

/* Begin PBXResourcesBuildPhase section */
		DAA91A832214C1700021BC29 /* Resources */ = {
			isa = PBXResourcesBuildPhase;
			buildActionMask = 2147483647;
			files = (
				DAA91A932214C1730021BC29 /* LaunchScreen.storyboard in Resources */,
				DA03DF3F221A3E85000180B6 /* Assets.xcassets in Resources */,
				DAA91A8E2214C1710021BC29 /* Main.storyboard in Resources */,
			);
			runOnlyForDeploymentPostprocessing = 0;
		};
		DAA91A972214C1730021BC29 /* Resources */ = {
			isa = PBXResourcesBuildPhase;
			buildActionMask = 2147483647;
			files = (
			);
			runOnlyForDeploymentPostprocessing = 0;
		};
		DAA91AA22214C1730021BC29 /* Resources */ = {
			isa = PBXResourcesBuildPhase;
			buildActionMask = 2147483647;
			files = (
			);
			runOnlyForDeploymentPostprocessing = 0;
		};
/* End PBXResourcesBuildPhase section */

/* Begin PBXSourcesBuildPhase section */
		DAA91A812214C1700021BC29 /* Sources */ = {
			isa = PBXSourcesBuildPhase;
			buildActionMask = 2147483647;
			files = (
				DA964E7E225BC81000E355AA /* SynopsisUIView.swift in Sources */,
				DA964E61225B969600E355AA /* CMSegmentedControl.swift in Sources */,
				DA964E68225B96A100E355AA /* UILabel+Ext.swift in Sources */,
				DAA91AC22214F8D80021BC29 /* UIImageView+Ext.swift in Sources */,
				DAA91A8B2214C1710021BC29 /* MasterViewController.swift in Sources */,
				DA964E5C225B968B00E355AA /* DeviceHeightConstraint.swift in Sources */,
				DA964E65225B969A00E355AA /* Constants.swift in Sources */,
				DAA91A892214C1700021BC29 /* AppDelegate.swift in Sources */,
				DA964E6A225B96A100E355AA /* String+Ext.swift in Sources */,
				DA964E5D225B968E00E355AA /* CMTextField.swift in Sources */,
				DAA91AC522152FE50021BC29 /* RESTful.swift in Sources */,
				DA964E67225B969A00E355AA /* DeviceSizes.swift in Sources */,
				DAE040DD225911860053079E /* BetterSegmentedControlSegment.swift in Sources */,
				DA964E84225BFECB00E355AA /* DetailScreenUIView.swift in Sources */,
				DA964E69225B96A100E355AA /* UITextField+Ext.swift in Sources */,
				DA964E75225B9A1F00E355AA /* Log.swift in Sources */,
				DAA91ABF2214F7400021BC29 /* NetworkManager.swift in Sources */,
				DA964E6C225B96A500E355AA /* Utilities.swift in Sources */,
				DA964E5E225B969100E355AA /* CMLabel.swift in Sources */,
				DA964E79225B9E3700E355AA /* CMImageView.swift in Sources */,
				DA964E44225A9F7300E355AA /* PosterUIImageView.swift in Sources */,
				DA964E73225B9A1F00E355AA /* Result.swift in Sources */,
				DAE040E0225911860053079E /* LabelSegment.swift in Sources */,
				DAE040DF225911860053079E /* IconSegment.swift in Sources */,
				DA964E5F225B969600E355AA /* CMButton.swift in Sources */,
				DAA91ACD221606CD0021BC29 /* DetailViewController.swift in Sources */,
				DA964E82225BCDE700E355AA /* UITextView+Ext.swift in Sources */,
				DAE7C78D222A4B26009DF4A7 /* Secrets.swift in Sources */,
				DA964E63225B969600E355AA /* CMView.swift in Sources */,
				DAE040DC225911860053079E /* BetterSegmentedControl.swift in Sources */,
				DA03DF3C22174381000180B6 /* Genres.swift in Sources */,
				DAA91AD0221615CE0021BC29 /* CAGradientLayer+Ext.swift in Sources */,
				DAA91AB72214C2FD0021BC29 /* MovieCell.swift in Sources */,
				DA964E6B225B96A100E355AA /* UIView+Ext.swift in Sources */,
				DAE040DB225911860053079E /* Options.swift in Sources */,
				DA03DF3D22174381000180B6 /* Movie.swift in Sources */,
				DA964E66225B969A00E355AA /* CustomColor.swift in Sources */,
				DA964E80225BCB4F00E355AA /* CMTextView.swift in Sources */,
			);
			runOnlyForDeploymentPostprocessing = 0;
		};
		DAA91A952214C1730021BC29 /* Sources */ = {
			isa = PBXSourcesBuildPhase;
			buildActionMask = 2147483647;
			files = (
				DAA91A9E2214C1730021BC29 /* DarkRoomTests.swift in Sources */,
			);
			runOnlyForDeploymentPostprocessing = 0;
		};
		DAA91AA02214C1730021BC29 /* Sources */ = {
			isa = PBXSourcesBuildPhase;
			buildActionMask = 2147483647;
			files = (
				DAA91AA92214C1730021BC29 /* DarkRoomUITests.swift in Sources */,
			);
			runOnlyForDeploymentPostprocessing = 0;
		};
/* End PBXSourcesBuildPhase section */

/* Begin PBXTargetDependency section */
		DAA91A9B2214C1730021BC29 /* PBXTargetDependency */ = {
			isa = PBXTargetDependency;
			target = DAA91A842214C1700021BC29 /* DarkRoom */;
			targetProxy = DAA91A9A2214C1730021BC29 /* PBXContainerItemProxy */;
		};
		DAA91AA62214C1730021BC29 /* PBXTargetDependency */ = {
			isa = PBXTargetDependency;
			target = DAA91A842214C1700021BC29 /* DarkRoom */;
			targetProxy = DAA91AA52214C1730021BC29 /* PBXContainerItemProxy */;
		};
/* End PBXTargetDependency section */

/* Begin PBXVariantGroup section */
		DAA91A8C2214C1710021BC29 /* Main.storyboard */ = {
			isa = PBXVariantGroup;
			children = (
				DAA91A8D2214C1710021BC29 /* Base */,
			);
			name = Main.storyboard;
			sourceTree = "<group>";
		};
		DAA91A912214C1730021BC29 /* LaunchScreen.storyboard */ = {
			isa = PBXVariantGroup;
			children = (
				DAA91A922214C1730021BC29 /* Base */,
			);
			name = LaunchScreen.storyboard;
			sourceTree = "<group>";
		};
/* End PBXVariantGroup section */

/* Begin XCBuildConfiguration section */
		DAA91AAB2214C1730021BC29 /* Debug */ = {
			isa = XCBuildConfiguration;
			buildSettings = {
				ALWAYS_SEARCH_USER_PATHS = NO;
				CLANG_ANALYZER_NONNULL = YES;
				CLANG_ANALYZER_NUMBER_OBJECT_CONVERSION = YES_AGGRESSIVE;
				CLANG_CXX_LANGUAGE_STANDARD = "gnu++14";
				CLANG_CXX_LIBRARY = "libc++";
				CLANG_ENABLE_MODULES = YES;
				CLANG_ENABLE_OBJC_ARC = YES;
				CLANG_ENABLE_OBJC_WEAK = YES;
				CLANG_WARN_BLOCK_CAPTURE_AUTORELEASING = YES;
				CLANG_WARN_BOOL_CONVERSION = YES;
				CLANG_WARN_COMMA = YES;
				CLANG_WARN_CONSTANT_CONVERSION = YES;
				CLANG_WARN_DEPRECATED_OBJC_IMPLEMENTATIONS = YES;
				CLANG_WARN_DIRECT_OBJC_ISA_USAGE = YES_ERROR;
				CLANG_WARN_DOCUMENTATION_COMMENTS = YES;
				CLANG_WARN_EMPTY_BODY = YES;
				CLANG_WARN_ENUM_CONVERSION = YES;
				CLANG_WARN_INFINITE_RECURSION = YES;
				CLANG_WARN_INT_CONVERSION = YES;
				CLANG_WARN_NON_LITERAL_NULL_CONVERSION = YES;
				CLANG_WARN_OBJC_IMPLICIT_RETAIN_SELF = YES;
				CLANG_WARN_OBJC_LITERAL_CONVERSION = YES;
				CLANG_WARN_OBJC_ROOT_CLASS = YES_ERROR;
				CLANG_WARN_RANGE_LOOP_ANALYSIS = YES;
				CLANG_WARN_STRICT_PROTOTYPES = YES;
				CLANG_WARN_SUSPICIOUS_MOVE = YES;
				CLANG_WARN_UNGUARDED_AVAILABILITY = YES_AGGRESSIVE;
				CLANG_WARN_UNREACHABLE_CODE = YES;
				CLANG_WARN__DUPLICATE_METHOD_MATCH = YES;
				CODE_SIGN_IDENTITY = "iPhone Developer";
				COPY_PHASE_STRIP = NO;
				DEBUG_INFORMATION_FORMAT = dwarf;
				ENABLE_STRICT_OBJC_MSGSEND = YES;
				ENABLE_TESTABILITY = YES;
				GCC_C_LANGUAGE_STANDARD = gnu11;
				GCC_DYNAMIC_NO_PIC = NO;
				GCC_NO_COMMON_BLOCKS = YES;
				GCC_OPTIMIZATION_LEVEL = 0;
				GCC_PREPROCESSOR_DEFINITIONS = (
					"DEBUG=1",
					"$(inherited)",
				);
				GCC_WARN_64_TO_32_BIT_CONVERSION = YES;
				GCC_WARN_ABOUT_RETURN_TYPE = YES_ERROR;
				GCC_WARN_UNDECLARED_SELECTOR = YES;
				GCC_WARN_UNINITIALIZED_AUTOS = YES_AGGRESSIVE;
				GCC_WARN_UNUSED_FUNCTION = YES;
				GCC_WARN_UNUSED_VARIABLE = YES;
				IPHONEOS_DEPLOYMENT_TARGET = 12.1;
				MTL_ENABLE_DEBUG_INFO = INCLUDE_SOURCE;
				MTL_FAST_MATH = YES;
				ONLY_ACTIVE_ARCH = YES;
				SDKROOT = iphoneos;
				SWIFT_ACTIVE_COMPILATION_CONDITIONS = DEBUG;
				SWIFT_OPTIMIZATION_LEVEL = "-Onone";
			};
			name = Debug;
		};
		DAA91AAC2214C1730021BC29 /* Release */ = {
			isa = XCBuildConfiguration;
			buildSettings = {
				ALWAYS_SEARCH_USER_PATHS = NO;
				CLANG_ANALYZER_NONNULL = YES;
				CLANG_ANALYZER_NUMBER_OBJECT_CONVERSION = YES_AGGRESSIVE;
				CLANG_CXX_LANGUAGE_STANDARD = "gnu++14";
				CLANG_CXX_LIBRARY = "libc++";
				CLANG_ENABLE_MODULES = YES;
				CLANG_ENABLE_OBJC_ARC = YES;
				CLANG_ENABLE_OBJC_WEAK = YES;
				CLANG_WARN_BLOCK_CAPTURE_AUTORELEASING = YES;
				CLANG_WARN_BOOL_CONVERSION = YES;
				CLANG_WARN_COMMA = YES;
				CLANG_WARN_CONSTANT_CONVERSION = YES;
				CLANG_WARN_DEPRECATED_OBJC_IMPLEMENTATIONS = YES;
				CLANG_WARN_DIRECT_OBJC_ISA_USAGE = YES_ERROR;
				CLANG_WARN_DOCUMENTATION_COMMENTS = YES;
				CLANG_WARN_EMPTY_BODY = YES;
				CLANG_WARN_ENUM_CONVERSION = YES;
				CLANG_WARN_INFINITE_RECURSION = YES;
				CLANG_WARN_INT_CONVERSION = YES;
				CLANG_WARN_NON_LITERAL_NULL_CONVERSION = YES;
				CLANG_WARN_OBJC_IMPLICIT_RETAIN_SELF = YES;
				CLANG_WARN_OBJC_LITERAL_CONVERSION = YES;
				CLANG_WARN_OBJC_ROOT_CLASS = YES_ERROR;
				CLANG_WARN_RANGE_LOOP_ANALYSIS = YES;
				CLANG_WARN_STRICT_PROTOTYPES = YES;
				CLANG_WARN_SUSPICIOUS_MOVE = YES;
				CLANG_WARN_UNGUARDED_AVAILABILITY = YES_AGGRESSIVE;
				CLANG_WARN_UNREACHABLE_CODE = YES;
				CLANG_WARN__DUPLICATE_METHOD_MATCH = YES;
				CODE_SIGN_IDENTITY = "iPhone Developer";
				COPY_PHASE_STRIP = NO;
				DEBUG_INFORMATION_FORMAT = "dwarf-with-dsym";
				ENABLE_NS_ASSERTIONS = NO;
				ENABLE_STRICT_OBJC_MSGSEND = YES;
				GCC_C_LANGUAGE_STANDARD = gnu11;
				GCC_NO_COMMON_BLOCKS = YES;
				GCC_WARN_64_TO_32_BIT_CONVERSION = YES;
				GCC_WARN_ABOUT_RETURN_TYPE = YES_ERROR;
				GCC_WARN_UNDECLARED_SELECTOR = YES;
				GCC_WARN_UNINITIALIZED_AUTOS = YES_AGGRESSIVE;
				GCC_WARN_UNUSED_FUNCTION = YES;
				GCC_WARN_UNUSED_VARIABLE = YES;
				IPHONEOS_DEPLOYMENT_TARGET = 12.1;
				MTL_ENABLE_DEBUG_INFO = NO;
				MTL_FAST_MATH = YES;
				SDKROOT = iphoneos;
				SWIFT_COMPILATION_MODE = wholemodule;
				SWIFT_OPTIMIZATION_LEVEL = "-O";
				VALIDATE_PRODUCT = YES;
			};
			name = Release;
		};
		DAA91AAE2214C1730021BC29 /* Debug */ = {
			isa = XCBuildConfiguration;
			buildSettings = {
				ASSETCATALOG_COMPILER_APPICON_NAME = AppIcon;
				CODE_SIGN_STYLE = Automatic;
				DEVELOPMENT_TEAM = T7KMYQN6GY;
				INFOPLIST_FILE = "$(SRCROOT)/DarkRoom/Info.plist";
				LD_RUNPATH_SEARCH_PATHS = (
					"$(inherited)",
					"@executable_path/Frameworks",
				);
				PRODUCT_BUNDLE_IDENTIFIER = "com.cmillerco.dark-room";
				PRODUCT_NAME = "$(TARGET_NAME)";
				SWIFT_VERSION = 4.2;
				TARGETED_DEVICE_FAMILY = 1;
			};
			name = Debug;
		};
		DAA91AAF2214C1730021BC29 /* Release */ = {
			isa = XCBuildConfiguration;
			buildSettings = {
				ASSETCATALOG_COMPILER_APPICON_NAME = AppIcon;
				CODE_SIGN_STYLE = Automatic;
				DEVELOPMENT_TEAM = T7KMYQN6GY;
				INFOPLIST_FILE = "$(SRCROOT)/DarkRoom/Info.plist";
				LD_RUNPATH_SEARCH_PATHS = (
					"$(inherited)",
					"@executable_path/Frameworks",
				);
				PRODUCT_BUNDLE_IDENTIFIER = "com.cmillerco.dark-room";
				PRODUCT_NAME = "$(TARGET_NAME)";
				SWIFT_VERSION = 4.2;
				TARGETED_DEVICE_FAMILY = 1;
			};
			name = Release;
		};
		DAA91AB12214C1730021BC29 /* Debug */ = {
			isa = XCBuildConfiguration;
			buildSettings = {
				ALWAYS_EMBED_SWIFT_STANDARD_LIBRARIES = YES;
				BUNDLE_LOADER = "$(TEST_HOST)";
				CODE_SIGN_STYLE = Automatic;
				DEVELOPMENT_TEAM = T7KMYQN6GY;
				INFOPLIST_FILE = DarkRoomTests/Info.plist;
				LD_RUNPATH_SEARCH_PATHS = (
					"$(inherited)",
					"@executable_path/Frameworks",
					"@loader_path/Frameworks",
				);
				PRODUCT_BUNDLE_IDENTIFIER = com.cmillerco.DarkRoomTests;
				PRODUCT_NAME = "$(TARGET_NAME)";
				SWIFT_VERSION = 4.2;
				TARGETED_DEVICE_FAMILY = "1,2";
				TEST_HOST = "$(BUILT_PRODUCTS_DIR)/DarkRoom.app/DarkRoom";
			};
			name = Debug;
		};
		DAA91AB22214C1730021BC29 /* Release */ = {
			isa = XCBuildConfiguration;
			buildSettings = {
				ALWAYS_EMBED_SWIFT_STANDARD_LIBRARIES = YES;
				BUNDLE_LOADER = "$(TEST_HOST)";
				CODE_SIGN_STYLE = Automatic;
				DEVELOPMENT_TEAM = T7KMYQN6GY;
				INFOPLIST_FILE = DarkRoomTests/Info.plist;
				LD_RUNPATH_SEARCH_PATHS = (
					"$(inherited)",
					"@executable_path/Frameworks",
					"@loader_path/Frameworks",
				);
				PRODUCT_BUNDLE_IDENTIFIER = com.cmillerco.DarkRoomTests;
				PRODUCT_NAME = "$(TARGET_NAME)";
				SWIFT_VERSION = 4.2;
				TARGETED_DEVICE_FAMILY = "1,2";
				TEST_HOST = "$(BUILT_PRODUCTS_DIR)/DarkRoom.app/DarkRoom";
			};
			name = Release;
		};
		DAA91AB42214C1730021BC29 /* Debug */ = {
			isa = XCBuildConfiguration;
			buildSettings = {
				ALWAYS_EMBED_SWIFT_STANDARD_LIBRARIES = YES;
				CODE_SIGN_STYLE = Automatic;
				DEVELOPMENT_TEAM = T7KMYQN6GY;
				INFOPLIST_FILE = DarkRoomUITests/Info.plist;
				LD_RUNPATH_SEARCH_PATHS = (
					"$(inherited)",
					"@executable_path/Frameworks",
					"@loader_path/Frameworks",
				);
				PRODUCT_BUNDLE_IDENTIFIER = com.cmillerco.DarkRoomUITests;
				PRODUCT_NAME = "$(TARGET_NAME)";
				SWIFT_VERSION = 4.2;
				TARGETED_DEVICE_FAMILY = "1,2";
				TEST_TARGET_NAME = "The-10-Cary";
			};
			name = Debug;
		};
		DAA91AB52214C1730021BC29 /* Release */ = {
			isa = XCBuildConfiguration;
			buildSettings = {
				ALWAYS_EMBED_SWIFT_STANDARD_LIBRARIES = YES;
				CODE_SIGN_STYLE = Automatic;
				DEVELOPMENT_TEAM = T7KMYQN6GY;
				INFOPLIST_FILE = DarkRoomUITests/Info.plist;
				LD_RUNPATH_SEARCH_PATHS = (
					"$(inherited)",
					"@executable_path/Frameworks",
					"@loader_path/Frameworks",
				);
				PRODUCT_BUNDLE_IDENTIFIER = com.cmillerco.DarkRoomUITests;
				PRODUCT_NAME = "$(TARGET_NAME)";
				SWIFT_VERSION = 4.2;
				TARGETED_DEVICE_FAMILY = "1,2";
				TEST_TARGET_NAME = "The-10-Cary";
			};
			name = Release;
		};
/* End XCBuildConfiguration section */

/* Begin XCConfigurationList section */
		DAA91A802214C1700021BC29 /* Build configuration list for PBXProject "DarkRoom" */ = {
			isa = XCConfigurationList;
			buildConfigurations = (
				DAA91AAB2214C1730021BC29 /* Debug */,
				DAA91AAC2214C1730021BC29 /* Release */,
			);
			defaultConfigurationIsVisible = 0;
			defaultConfigurationName = Release;
		};
		DAA91AAD2214C1730021BC29 /* Build configuration list for PBXNativeTarget "DarkRoom" */ = {
			isa = XCConfigurationList;
			buildConfigurations = (
				DAA91AAE2214C1730021BC29 /* Debug */,
				DAA91AAF2214C1730021BC29 /* Release */,
			);
			defaultConfigurationIsVisible = 0;
			defaultConfigurationName = Release;
		};
		DAA91AB02214C1730021BC29 /* Build configuration list for PBXNativeTarget "DarkRoomTests" */ = {
			isa = XCConfigurationList;
			buildConfigurations = (
				DAA91AB12214C1730021BC29 /* Debug */,
				DAA91AB22214C1730021BC29 /* Release */,
			);
			defaultConfigurationIsVisible = 0;
			defaultConfigurationName = Release;
		};
		DAA91AB32214C1730021BC29 /* Build configuration list for PBXNativeTarget "DarkRoomUITests" */ = {
			isa = XCConfigurationList;
			buildConfigurations = (
				DAA91AB42214C1730021BC29 /* Debug */,
				DAA91AB52214C1730021BC29 /* Release */,
			);
			defaultConfigurationIsVisible = 0;
			defaultConfigurationName = Release;
		};
/* End XCConfigurationList section */
	};
	rootObject = DAA91A7D2214C1700021BC29 /* Project object */;
}
